
Microsoft Visual Studio Solution File, Format Version 12.00
# Visual Studio Version 17
VisualStudioVersion = 17.10.34916.146
MinimumVisualStudioVersion = 10.0.40219.1
Project("{9A19103F-16F7-4668-BE54-9A1E7A4F7556}") = "CoreDemo", "CoreDemo\CoreDemo.csproj", "{BF55AA03-A587-4ABC-99C6-3B4EECE46BA7}"
EndProject
Project("{9A19103F-16F7-4668-BE54-9A1E7A4F7556}") = "EntityLayer", "EntityLayer\EntityLayer.csproj", "{92A2CC29-7AB2-4C58-B620-3D76412439C9}"
EndProject
Project("{9A19103F-16F7-4668-BE54-9A1E7A4F7556}") = "DataAccessLayer", "DataAccessLayer\DataAccessLayer.csproj", "{9C7BF5BA-F93B-4050-AB0C-DE642A66DB9E}"
EndProject
Project("{9A19103F-16F7-4668-BE54-9A1E7A4F7556}") = "BusinessLayer", "BusinessLayer\BusinessLayer.csproj", "{73AC8BB5-A0EA-4199-A3E5-41CD86B3B5D7}"
EndProject
Project("{9A19103F-16F7-4668-BE54-9A1E7A4F7556}") = "CoreLayer", "CoreLayer\CoreLayer.csproj", "{3B7980ED-1A4B-4A97-866F-7A521E528287}"
EndProject
Global
	GlobalSection(SolutionConfigurationPlatforms) = preSolution
		Debug|Any CPU = Debug|Any CPU
		Release|Any CPU = Release|Any CPU
	EndGlobalSection
	GlobalSection(ProjectConfigurationPlatforms) = postSolution
		{BF55AA03-A587-4ABC-99C6-3B4EECE46BA7}.Debug|Any CPU.ActiveCfg = Debug|Any CPU
		{BF55AA03-A587-4ABC-99C6-3B4EECE46BA7}.Debug|Any CPU.Build.0 = Debug|Any CPU
		{BF55AA03-A587-4ABC-99C6-3B4EECE46BA7}.Release|Any CPU.ActiveCfg = Release|Any CPU
		{BF55AA03-A587-4ABC-99C6-3B4EECE46BA7}.Release|Any CPU.Build.0 = Release|Any CPU
		{92A2CC29-7AB2-4C58-B620-3D76412439C9}.Debug|Any CPU.ActiveCfg = Debug|Any CPU
		{92A2CC29-7AB2-4C58-B620-3D76412439C9}.Debug|Any CPU.Build.0 = Debug|Any CPU
		{92A2CC29-7AB2-4C58-B620-3D76412439C9}.Release|Any CPU.ActiveCfg = Release|Any CPU
		{92A2CC29-7AB2-4C58-B620-3D76412439C9}.Release|Any CPU.Build.0 = Release|Any CPU
		{9C7BF5BA-F93B-4050-AB0C-DE642A66DB9E}.Debug|Any CPU.ActiveCfg = Debug|Any CPU
		{9C7BF5BA-F93B-4050-AB0C-DE642A66DB9E}.Debug|Any CPU.Build.0 = Debug|Any CPU
		{9C7BF5BA-F93B-4050-AB0C-DE642A66DB9E}.Release|Any CPU.ActiveCfg = Release|Any CPU
		{9C7BF5BA-F93B-4050-AB0C-DE642A66DB9E}.Release|Any CPU.Build.0 = Release|Any CPU
		{73AC8BB5-A0EA-4199-A3E5-41CD86B3B5D7}.Debug|Any CPU.ActiveCfg = Debug|Any CPU
		{73AC8BB5-A0EA-4199-A3E5-41CD86B3B5D7}.Debug|Any CPU.Build.0 = Debug|Any CPU
		{73AC8BB5-A0EA-4199-A3E5-41CD86B3B5D7}.Release|Any CPU.ActiveCfg = Release|Any CPU
		{73AC8BB5-A0EA-4199-A3E5-41CD86B3B5D7}.Release|Any CPU.Build.0 = Release|Any CPU
		{3B7980ED-1A4B-4A97-866F-7A521E528287}.Debug|Any CPU.ActiveCfg = Debug|Any CPU
		{3B7980ED-1A4B-4A97-866F-7A521E528287}.Debug|Any CPU.Build.0 = Debug|Any CPU
		{3B7980ED-1A4B-4A97-866F-7A521E528287}.Release|Any CPU.ActiveCfg = Release|Any CPU
		{3B7980ED-1A4B-4A97-866F-7A521E528287}.Release|Any CPU.Build.0 = Release|Any CPU
	EndGlobalSection
	GlobalSection(SolutionProperties) = preSolution
		HideSolutionNode = FALSE
	EndGlobalSection
	GlobalSection(ExtensibilityGlobals) = postSolution
		SolutionGuid = {5AB17067-89B4-48DD-9725-DD311D71D6DF}
	EndGlobalSection
EndGlobal
